{
    "_meta": {
        "hash": {
            "sha256": "5425f18a0062b039d881bb5448484a6fd67afcddb0a3bbd41f40b096e0bc9ed1"
        },
        "pipfile-spec": 6,
        "requires": {
            "python_version": "3.10"
        },
        "sources": [
            {
                "name": "pypi",
                "url": "https://pypi.org/simple",
                "verify_ssl": true
            }
        ]
    },
    "default": {
        "colorama": {
            "hashes": [
                "sha256:08695f5cb7ed6e0531a20572697297273c47b8cae5a63ffc6d6ed5c201be6e44",
                "sha256:4f1d9991f5acc0ca119f9d443620b77f9d6b33703e51011c16baf57afb285fc6"
            ],
            "index": "pypi",
            "version": "==0.4.6"
        },
        "simple-chalk": {
            "hashes": [
                "sha256:d80f55993dfa040c1b55d2fbfb925e4fbb5798c2934601aa448ef4a192d84196"
            ],
            "index": "pypi",
            "version": "==0.1.0"
        }
    },
    "develop": {}
}
